
Microsoft Visual Studio Solution File, Format Version 12.00
# Visual Studio 15
VisualStudioVersion = 15.0.26730.16
MinimumVisualStudioVersion = 10.0.40219.1
Project("{FAE04EC0-301F-11D3-BF4B-00C04F79EFBC}") = "TinyMvvm", "TinyMvvm\TinyMvvm.csproj", "{ABF21378-06FB-4A94-8A09-C0578155ADA3}"
EndProject
Project("{FAE04EC0-301F-11D3-BF4B-00C04F79EFBC}") = "TinyMvvm.Autofac", "TinyMvvm.Autofac\TinyMvvm.Autofac.csproj", "{82CAAD19-E130-4C94-81A8-56890DEC0874}"
EndProject
Project("{FAE04EC0-301F-11D3-BF4B-00C04F79EFBC}") = "TinyMvvm.Forms", "TinyMvvm.Forms\TinyMvvm.Forms.csproj", "{09EDF0BF-371D-4CD4-8B4C-282483721BC2}"
EndProject
Project("{2150E333-8FDC-42A3-9474-1A3956D46DE8}") = "Samples", "Samples", "{D72DD502-6804-44C6-A493-1CBAF7D6BD02}"
EndProject
Project("{FAE04EC0-301F-11D3-BF4B-00C04F79EFBC}") = "TinyMvvm.WPF", "TinyMvvm.WPF\TinyMvvm.WPF.csproj", "{B271CB8A-9392-4CEA-9EDA-27DE53802452}"
EndProject
Project("{2150E333-8FDC-42A3-9474-1A3956D46DE8}") = "Nuget", "Nuget", "{26AE70B5-3AF2-4BA7-8DFE-08BCAEFA138E}"
	ProjectSection(SolutionItems) = preProject
		WPF.nuspec = WPF.nuspec
	EndProjectSection
EndProject
Project("{2150E333-8FDC-42A3-9474-1A3956D46DE8}") = "Tests", "Tests", "{A67BF368-70F6-4C94-8422-B8C82F03310C}"
EndProject
Project("{FAE04EC0-301F-11D3-BF4B-00C04F79EFBC}") = "TinyMvvm.Tests", "tests\TinyMvvm.Tests\TinyMvvm.Tests.csproj", "{206F4A27-6B2E-467D-A15F-141841BFA23A}"
EndProject
Project("{2150E333-8FDC-42A3-9474-1A3956D46DE8}") = "TinyNavigationHelper", "TinyNavigationHelper", "{9E6374E6-0872-4659-A1F0-7CB05EDC6ED9}"
EndProject
Project("{FAE04EC0-301F-11D3-BF4B-00C04F79EFBC}") = "TinyNavigationHelper.Abstraction", "..\TinyNavigationHelper\src\TinyNavigationHelper.Abstraction\TinyNavigationHelper.Abstraction.csproj", "{54DAB8D8-6F14-44FF-9399-AD4A908821FA}"
EndProject
Project("{FAE04EC0-301F-11D3-BF4B-00C04F79EFBC}") = "TinyNavigationHelper.Forms", "..\TinyNavigationHelper\src\TinyNavigationHelper.Forms\TinyNavigationHelper.Forms.csproj", "{C73A46AA-B3B3-42DA-B702-700BF65661FC}"
EndProject
Project("{FAE04EC0-301F-11D3-BF4B-00C04F79EFBC}") = "SampleApp.Android", "Samples\SampleApp.Android\SampleApp.Android.csproj", "{09C72C2C-F466-4CC6-BDFE-7977197B10FB}"
EndProject
Project("{FAE04EC0-301F-11D3-BF4B-00C04F79EFBC}") = "SampleApp.iOS", "Samples\SampleApp.iOS\SampleApp.iOS.csproj", "{B8AB2E7A-0653-4028-8A24-54B4321CF771}"
EndProject
Project("{FAE04EC0-301F-11D3-BF4B-00C04F79EFBC}") = "SampleApp", "Samples\SampleApp\SampleApp.csproj", "{7A1216C1-12B0-484F-858D-314BFD3A068B}"
EndProject
Project("{FAE04EC0-301F-11D3-BF4B-00C04F79EFBC}") = "TinyMvvm.TinyIoC", "TinyMvvm.TinyIoC\TinyMvvm.TinyIoC.csproj", "{D89FA056-A3E5-4080-B527-12E330922962}"
EndProject
Project("{2150E333-8FDC-42A3-9474-1A3956D46DE8}") = "Shell", "Shell", "{4E916AA7-AD86-4FF4-8475-FB27F34914BC}"
EndProject
Project("{2150E333-8FDC-42A3-9474-1A3956D46DE8}") = "Classic", "Classic", "{61AC8DB3-B2A4-4B0C-9252-308680E801AC}"
EndProject
Project("{FAE04EC0-301F-11D3-BF4B-00C04F79EFBC}") = "ClassicSampleApp.Android", "Samples\ClassicSampleApp.Android\ClassicSampleApp.Android.csproj", "{4D550BB9-516A-4ABE-8991-65797646B305}"
EndProject
Project("{FAE04EC0-301F-11D3-BF4B-00C04F79EFBC}") = "ClassicSampleApp.iOS", "Samples\ClassicSampleApp.iOS\ClassicSampleApp.iOS.csproj", "{3E30D5EF-2B9D-4089-AA54-9560791913F0}"
EndProject
Project("{FAE04EC0-301F-11D3-BF4B-00C04F79EFBC}") = "ClassicSampleApp", "Samples\ClassicSampleApp\ClassicSampleApp.csproj", "{7E0ED782-3257-4201-AA14-BAA26ABD1C5D}"
EndProject
Global
	GlobalSection(SolutionConfigurationPlatforms) = preSolution
		Debug|Any CPU = Debug|Any CPU
		Debug|iPhone = Debug|iPhone
		Debug|iPhoneSimulator = Debug|iPhoneSimulator
		Release|Any CPU = Release|Any CPU
		Release|iPhone = Release|iPhone
		Release|iPhoneSimulator = Release|iPhoneSimulator
		Ad-Hoc|iPhone = Ad-Hoc|iPhone
		AppStore|iPhone = AppStore|iPhone
	EndGlobalSection
	GlobalSection(ProjectConfigurationPlatforms) = postSolution
		{ABF21378-06FB-4A94-8A09-C0578155ADA3}.Debug|Any CPU.ActiveCfg = Debug|Any CPU
		{ABF21378-06FB-4A94-8A09-C0578155ADA3}.Debug|Any CPU.Build.0 = Debug|Any CPU
		{ABF21378-06FB-4A94-8A09-C0578155ADA3}.Debug|iPhone.ActiveCfg = Debug|Any CPU
		{ABF21378-06FB-4A94-8A09-C0578155ADA3}.Debug|iPhone.Build.0 = Debug|Any CPU
		{ABF21378-06FB-4A94-8A09-C0578155ADA3}.Debug|iPhoneSimulator.ActiveCfg = Debug|Any CPU
		{ABF21378-06FB-4A94-8A09-C0578155ADA3}.Debug|iPhoneSimulator.Build.0 = Debug|Any CPU
		{ABF21378-06FB-4A94-8A09-C0578155ADA3}.Release|Any CPU.ActiveCfg = Release|Any CPU
		{ABF21378-06FB-4A94-8A09-C0578155ADA3}.Release|Any CPU.Build.0 = Release|Any CPU
		{ABF21378-06FB-4A94-8A09-C0578155ADA3}.Release|iPhone.ActiveCfg = Release|Any CPU
		{ABF21378-06FB-4A94-8A09-C0578155ADA3}.Release|iPhone.Build.0 = Release|Any CPU
		{ABF21378-06FB-4A94-8A09-C0578155ADA3}.Release|iPhoneSimulator.ActiveCfg = Release|Any CPU
		{ABF21378-06FB-4A94-8A09-C0578155ADA3}.Release|iPhoneSimulator.Build.0 = Release|Any CPU
		{ABF21378-06FB-4A94-8A09-C0578155ADA3}.Ad-Hoc|iPhone.ActiveCfg = Debug|Any CPU
		{ABF21378-06FB-4A94-8A09-C0578155ADA3}.Ad-Hoc|iPhone.Build.0 = Debug|Any CPU
		{ABF21378-06FB-4A94-8A09-C0578155ADA3}.AppStore|iPhone.ActiveCfg = Debug|Any CPU
		{ABF21378-06FB-4A94-8A09-C0578155ADA3}.AppStore|iPhone.Build.0 = Debug|Any CPU
		{82CAAD19-E130-4C94-81A8-56890DEC0874}.Debug|Any CPU.ActiveCfg = Debug|Any CPU
		{82CAAD19-E130-4C94-81A8-56890DEC0874}.Debug|Any CPU.Build.0 = Debug|Any CPU
		{82CAAD19-E130-4C94-81A8-56890DEC0874}.Debug|iPhone.ActiveCfg = Debug|Any CPU
		{82CAAD19-E130-4C94-81A8-56890DEC0874}.Debug|iPhone.Build.0 = Debug|Any CPU
		{82CAAD19-E130-4C94-81A8-56890DEC0874}.Debug|iPhoneSimulator.ActiveCfg = Debug|Any CPU
		{82CAAD19-E130-4C94-81A8-56890DEC0874}.Debug|iPhoneSimulator.Build.0 = Debug|Any CPU
		{82CAAD19-E130-4C94-81A8-56890DEC0874}.Release|Any CPU.ActiveCfg = Release|Any CPU
		{82CAAD19-E130-4C94-81A8-56890DEC0874}.Release|Any CPU.Build.0 = Release|Any CPU
		{82CAAD19-E130-4C94-81A8-56890DEC0874}.Release|iPhone.ActiveCfg = Release|Any CPU
		{82CAAD19-E130-4C94-81A8-56890DEC0874}.Release|iPhone.Build.0 = Release|Any CPU
		{82CAAD19-E130-4C94-81A8-56890DEC0874}.Release|iPhoneSimulator.ActiveCfg = Release|Any CPU
		{82CAAD19-E130-4C94-81A8-56890DEC0874}.Release|iPhoneSimulator.Build.0 = Release|Any CPU
		{82CAAD19-E130-4C94-81A8-56890DEC0874}.Ad-Hoc|iPhone.ActiveCfg = Debug|Any CPU
		{82CAAD19-E130-4C94-81A8-56890DEC0874}.Ad-Hoc|iPhone.Build.0 = Debug|Any CPU
		{82CAAD19-E130-4C94-81A8-56890DEC0874}.AppStore|iPhone.ActiveCfg = Debug|Any CPU
		{82CAAD19-E130-4C94-81A8-56890DEC0874}.AppStore|iPhone.Build.0 = Debug|Any CPU
		{09EDF0BF-371D-4CD4-8B4C-282483721BC2}.Debug|Any CPU.ActiveCfg = Debug|Any CPU
		{09EDF0BF-371D-4CD4-8B4C-282483721BC2}.Debug|Any CPU.Build.0 = Debug|Any CPU
		{09EDF0BF-371D-4CD4-8B4C-282483721BC2}.Debug|iPhone.ActiveCfg = Debug|Any CPU
		{09EDF0BF-371D-4CD4-8B4C-282483721BC2}.Debug|iPhone.Build.0 = Debug|Any CPU
		{09EDF0BF-371D-4CD4-8B4C-282483721BC2}.Debug|iPhoneSimulator.ActiveCfg = Debug|Any CPU
		{09EDF0BF-371D-4CD4-8B4C-282483721BC2}.Debug|iPhoneSimulator.Build.0 = Debug|Any CPU
		{09EDF0BF-371D-4CD4-8B4C-282483721BC2}.Release|Any CPU.ActiveCfg = Release|Any CPU
		{09EDF0BF-371D-4CD4-8B4C-282483721BC2}.Release|Any CPU.Build.0 = Release|Any CPU
		{09EDF0BF-371D-4CD4-8B4C-282483721BC2}.Release|iPhone.ActiveCfg = Release|Any CPU
		{09EDF0BF-371D-4CD4-8B4C-282483721BC2}.Release|iPhone.Build.0 = Release|Any CPU
		{09EDF0BF-371D-4CD4-8B4C-282483721BC2}.Release|iPhoneSimulator.ActiveCfg = Release|Any CPU
		{09EDF0BF-371D-4CD4-8B4C-282483721BC2}.Release|iPhoneSimulator.Build.0 = Release|Any CPU
		{09EDF0BF-371D-4CD4-8B4C-282483721BC2}.Ad-Hoc|iPhone.ActiveCfg = Debug|Any CPU
		{09EDF0BF-371D-4CD4-8B4C-282483721BC2}.Ad-Hoc|iPhone.Build.0 = Debug|Any CPU
		{09EDF0BF-371D-4CD4-8B4C-282483721BC2}.AppStore|iPhone.ActiveCfg = Debug|Any CPU
		{09EDF0BF-371D-4CD4-8B4C-282483721BC2}.AppStore|iPhone.Build.0 = Debug|Any CPU
		{B271CB8A-9392-4CEA-9EDA-27DE53802452}.Debug|Any CPU.ActiveCfg = Debug|Any CPU
		{B271CB8A-9392-4CEA-9EDA-27DE53802452}.Debug|Any CPU.Build.0 = Debug|Any CPU
		{B271CB8A-9392-4CEA-9EDA-27DE53802452}.Debug|iPhone.ActiveCfg = Debug|Any CPU
		{B271CB8A-9392-4CEA-9EDA-27DE53802452}.Debug|iPhone.Build.0 = Debug|Any CPU
		{B271CB8A-9392-4CEA-9EDA-27DE53802452}.Debug|iPhoneSimulator.ActiveCfg = Debug|Any CPU
		{B271CB8A-9392-4CEA-9EDA-27DE53802452}.Debug|iPhoneSimulator.Build.0 = Debug|Any CPU
		{B271CB8A-9392-4CEA-9EDA-27DE53802452}.Release|Any CPU.ActiveCfg = Release|Any CPU
		{B271CB8A-9392-4CEA-9EDA-27DE53802452}.Release|Any CPU.Build.0 = Release|Any CPU
		{B271CB8A-9392-4CEA-9EDA-27DE53802452}.Release|iPhone.ActiveCfg = Release|Any CPU
		{B271CB8A-9392-4CEA-9EDA-27DE53802452}.Release|iPhone.Build.0 = Release|Any CPU
		{B271CB8A-9392-4CEA-9EDA-27DE53802452}.Release|iPhoneSimulator.ActiveCfg = Release|Any CPU
		{B271CB8A-9392-4CEA-9EDA-27DE53802452}.Release|iPhoneSimulator.Build.0 = Release|Any CPU
		{B271CB8A-9392-4CEA-9EDA-27DE53802452}.Ad-Hoc|iPhone.ActiveCfg = Debug|Any CPU
		{B271CB8A-9392-4CEA-9EDA-27DE53802452}.Ad-Hoc|iPhone.Build.0 = Debug|Any CPU
		{B271CB8A-9392-4CEA-9EDA-27DE53802452}.AppStore|iPhone.ActiveCfg = Debug|Any CPU
		{B271CB8A-9392-4CEA-9EDA-27DE53802452}.AppStore|iPhone.Build.0 = Debug|Any CPU
		{206F4A27-6B2E-467D-A15F-141841BFA23A}.Debug|Any CPU.ActiveCfg = Debug|Any CPU
		{206F4A27-6B2E-467D-A15F-141841BFA23A}.Debug|Any CPU.Build.0 = Debug|Any CPU
		{206F4A27-6B2E-467D-A15F-141841BFA23A}.Debug|iPhone.ActiveCfg = Debug|Any CPU
		{206F4A27-6B2E-467D-A15F-141841BFA23A}.Debug|iPhone.Build.0 = Debug|Any CPU
		{206F4A27-6B2E-467D-A15F-141841BFA23A}.Debug|iPhoneSimulator.ActiveCfg = Debug|Any CPU
		{206F4A27-6B2E-467D-A15F-141841BFA23A}.Debug|iPhoneSimulator.Build.0 = Debug|Any CPU
		{206F4A27-6B2E-467D-A15F-141841BFA23A}.Release|Any CPU.ActiveCfg = Release|Any CPU
		{206F4A27-6B2E-467D-A15F-141841BFA23A}.Release|Any CPU.Build.0 = Release|Any CPU
		{206F4A27-6B2E-467D-A15F-141841BFA23A}.Release|iPhone.ActiveCfg = Release|Any CPU
		{206F4A27-6B2E-467D-A15F-141841BFA23A}.Release|iPhone.Build.0 = Release|Any CPU
		{206F4A27-6B2E-467D-A15F-141841BFA23A}.Release|iPhoneSimulator.ActiveCfg = Release|Any CPU
		{206F4A27-6B2E-467D-A15F-141841BFA23A}.Release|iPhoneSimulator.Build.0 = Release|Any CPU
		{206F4A27-6B2E-467D-A15F-141841BFA23A}.Ad-Hoc|iPhone.ActiveCfg = Debug|Any CPU
		{206F4A27-6B2E-467D-A15F-141841BFA23A}.Ad-Hoc|iPhone.Build.0 = Debug|Any CPU
		{206F4A27-6B2E-467D-A15F-141841BFA23A}.AppStore|iPhone.ActiveCfg = Debug|Any CPU
		{206F4A27-6B2E-467D-A15F-141841BFA23A}.AppStore|iPhone.Build.0 = Debug|Any CPU
		{54DAB8D8-6F14-44FF-9399-AD4A908821FA}.Debug|Any CPU.ActiveCfg = Debug|Any CPU
		{54DAB8D8-6F14-44FF-9399-AD4A908821FA}.Debug|Any CPU.Build.0 = Debug|Any CPU
		{54DAB8D8-6F14-44FF-9399-AD4A908821FA}.Debug|iPhone.ActiveCfg = Debug|Any CPU
		{54DAB8D8-6F14-44FF-9399-AD4A908821FA}.Debug|iPhone.Build.0 = Debug|Any CPU
		{54DAB8D8-6F14-44FF-9399-AD4A908821FA}.Debug|iPhoneSimulator.ActiveCfg = Debug|Any CPU
		{54DAB8D8-6F14-44FF-9399-AD4A908821FA}.Debug|iPhoneSimulator.Build.0 = Debug|Any CPU
		{54DAB8D8-6F14-44FF-9399-AD4A908821FA}.Release|Any CPU.ActiveCfg = Release|Any CPU
		{54DAB8D8-6F14-44FF-9399-AD4A908821FA}.Release|Any CPU.Build.0 = Release|Any CPU
		{54DAB8D8-6F14-44FF-9399-AD4A908821FA}.Release|iPhone.ActiveCfg = Release|Any CPU
		{54DAB8D8-6F14-44FF-9399-AD4A908821FA}.Release|iPhone.Build.0 = Release|Any CPU
		{54DAB8D8-6F14-44FF-9399-AD4A908821FA}.Release|iPhoneSimulator.ActiveCfg = Release|Any CPU
		{54DAB8D8-6F14-44FF-9399-AD4A908821FA}.Release|iPhoneSimulator.Build.0 = Release|Any CPU
		{54DAB8D8-6F14-44FF-9399-AD4A908821FA}.Ad-Hoc|iPhone.ActiveCfg = Debug|Any CPU
		{54DAB8D8-6F14-44FF-9399-AD4A908821FA}.Ad-Hoc|iPhone.Build.0 = Debug|Any CPU
		{54DAB8D8-6F14-44FF-9399-AD4A908821FA}.AppStore|iPhone.ActiveCfg = Debug|Any CPU
		{54DAB8D8-6F14-44FF-9399-AD4A908821FA}.AppStore|iPhone.Build.0 = Debug|Any CPU
		{C73A46AA-B3B3-42DA-B702-700BF65661FC}.Debug|Any CPU.ActiveCfg = Debug|Any CPU
		{C73A46AA-B3B3-42DA-B702-700BF65661FC}.Debug|Any CPU.Build.0 = Debug|Any CPU
		{C73A46AA-B3B3-42DA-B702-700BF65661FC}.Debug|iPhone.ActiveCfg = Debug|Any CPU
		{C73A46AA-B3B3-42DA-B702-700BF65661FC}.Debug|iPhone.Build.0 = Debug|Any CPU
		{C73A46AA-B3B3-42DA-B702-700BF65661FC}.Debug|iPhoneSimulator.ActiveCfg = Debug|Any CPU
		{C73A46AA-B3B3-42DA-B702-700BF65661FC}.Debug|iPhoneSimulator.Build.0 = Debug|Any CPU
		{C73A46AA-B3B3-42DA-B702-700BF65661FC}.Release|Any CPU.ActiveCfg = Release|Any CPU
		{C73A46AA-B3B3-42DA-B702-700BF65661FC}.Release|Any CPU.Build.0 = Release|Any CPU
		{C73A46AA-B3B3-42DA-B702-700BF65661FC}.Release|iPhone.ActiveCfg = Release|Any CPU
		{C73A46AA-B3B3-42DA-B702-700BF65661FC}.Release|iPhone.Build.0 = Release|Any CPU
		{C73A46AA-B3B3-42DA-B702-700BF65661FC}.Release|iPhoneSimulator.ActiveCfg = Release|Any CPU
		{C73A46AA-B3B3-42DA-B702-700BF65661FC}.Release|iPhoneSimulator.Build.0 = Release|Any CPU
		{C73A46AA-B3B3-42DA-B702-700BF65661FC}.Ad-Hoc|iPhone.ActiveCfg = Debug|Any CPU
		{C73A46AA-B3B3-42DA-B702-700BF65661FC}.Ad-Hoc|iPhone.Build.0 = Debug|Any CPU
		{C73A46AA-B3B3-42DA-B702-700BF65661FC}.AppStore|iPhone.ActiveCfg = Debug|Any CPU
		{C73A46AA-B3B3-42DA-B702-700BF65661FC}.AppStore|iPhone.Build.0 = Debug|Any CPU
		{09C72C2C-F466-4CC6-BDFE-7977197B10FB}.Debug|Any CPU.ActiveCfg = Debug|Any CPU
		{09C72C2C-F466-4CC6-BDFE-7977197B10FB}.Debug|Any CPU.Build.0 = Debug|Any CPU
		{09C72C2C-F466-4CC6-BDFE-7977197B10FB}.Debug|iPhone.ActiveCfg = Debug|Any CPU
		{09C72C2C-F466-4CC6-BDFE-7977197B10FB}.Debug|iPhone.Build.0 = Debug|Any CPU
		{09C72C2C-F466-4CC6-BDFE-7977197B10FB}.Debug|iPhoneSimulator.ActiveCfg = Debug|Any CPU
		{09C72C2C-F466-4CC6-BDFE-7977197B10FB}.Debug|iPhoneSimulator.Build.0 = Debug|Any CPU
		{09C72C2C-F466-4CC6-BDFE-7977197B10FB}.Release|Any CPU.ActiveCfg = Release|Any CPU
		{09C72C2C-F466-4CC6-BDFE-7977197B10FB}.Release|Any CPU.Build.0 = Release|Any CPU
		{09C72C2C-F466-4CC6-BDFE-7977197B10FB}.Release|iPhone.ActiveCfg = Release|Any CPU
		{09C72C2C-F466-4CC6-BDFE-7977197B10FB}.Release|iPhone.Build.0 = Release|Any CPU
		{09C72C2C-F466-4CC6-BDFE-7977197B10FB}.Release|iPhoneSimulator.ActiveCfg = Release|Any CPU
		{09C72C2C-F466-4CC6-BDFE-7977197B10FB}.Release|iPhoneSimulator.Build.0 = Release|Any CPU
		{09C72C2C-F466-4CC6-BDFE-7977197B10FB}.Ad-Hoc|iPhone.ActiveCfg = Debug|Any CPU
		{09C72C2C-F466-4CC6-BDFE-7977197B10FB}.Ad-Hoc|iPhone.Build.0 = Debug|Any CPU
		{09C72C2C-F466-4CC6-BDFE-7977197B10FB}.AppStore|iPhone.ActiveCfg = Debug|Any CPU
		{09C72C2C-F466-4CC6-BDFE-7977197B10FB}.AppStore|iPhone.Build.0 = Debug|Any CPU
		{B8AB2E7A-0653-4028-8A24-54B4321CF771}.Debug|Any CPU.ActiveCfg = Debug|iPhoneSimulator
		{B8AB2E7A-0653-4028-8A24-54B4321CF771}.Debug|Any CPU.Build.0 = Debug|iPhoneSimulator
		{B8AB2E7A-0653-4028-8A24-54B4321CF771}.Debug|iPhone.ActiveCfg = Debug|iPhone
		{B8AB2E7A-0653-4028-8A24-54B4321CF771}.Debug|iPhone.Build.0 = Debug|iPhone
		{B8AB2E7A-0653-4028-8A24-54B4321CF771}.Debug|iPhoneSimulator.ActiveCfg = Debug|iPhoneSimulator
		{B8AB2E7A-0653-4028-8A24-54B4321CF771}.Debug|iPhoneSimulator.Build.0 = Debug|iPhoneSimulator
		{B8AB2E7A-0653-4028-8A24-54B4321CF771}.Release|Any CPU.ActiveCfg = Release|iPhoneSimulator
		{B8AB2E7A-0653-4028-8A24-54B4321CF771}.Release|Any CPU.Build.0 = Release|iPhoneSimulator
		{B8AB2E7A-0653-4028-8A24-54B4321CF771}.Release|iPhone.ActiveCfg = Release|iPhone
		{B8AB2E7A-0653-4028-8A24-54B4321CF771}.Release|iPhone.Build.0 = Release|iPhone
		{B8AB2E7A-0653-4028-8A24-54B4321CF771}.Release|iPhoneSimulator.ActiveCfg = Release|iPhoneSimulator
		{B8AB2E7A-0653-4028-8A24-54B4321CF771}.Release|iPhoneSimulator.Build.0 = Release|iPhoneSimulator
		{B8AB2E7A-0653-4028-8A24-54B4321CF771}.Ad-Hoc|iPhone.ActiveCfg = Debug|iPhone
		{B8AB2E7A-0653-4028-8A24-54B4321CF771}.Ad-Hoc|iPhone.Build.0 = Debug|iPhone
		{B8AB2E7A-0653-4028-8A24-54B4321CF771}.AppStore|iPhone.ActiveCfg = Debug|iPhone
		{B8AB2E7A-0653-4028-8A24-54B4321CF771}.AppStore|iPhone.Build.0 = Debug|iPhone
		{7A1216C1-12B0-484F-858D-314BFD3A068B}.Debug|Any CPU.ActiveCfg = Debug|Any CPU
		{7A1216C1-12B0-484F-858D-314BFD3A068B}.Debug|Any CPU.Build.0 = Debug|Any CPU
		{7A1216C1-12B0-484F-858D-314BFD3A068B}.Debug|iPhone.ActiveCfg = Debug|Any CPU
		{7A1216C1-12B0-484F-858D-314BFD3A068B}.Debug|iPhone.Build.0 = Debug|Any CPU
		{7A1216C1-12B0-484F-858D-314BFD3A068B}.Debug|iPhoneSimulator.ActiveCfg = Debug|Any CPU
		{7A1216C1-12B0-484F-858D-314BFD3A068B}.Debug|iPhoneSimulator.Build.0 = Debug|Any CPU
		{7A1216C1-12B0-484F-858D-314BFD3A068B}.Release|Any CPU.ActiveCfg = Release|Any CPU
		{7A1216C1-12B0-484F-858D-314BFD3A068B}.Release|Any CPU.Build.0 = Release|Any CPU
		{7A1216C1-12B0-484F-858D-314BFD3A068B}.Release|iPhone.ActiveCfg = Release|Any CPU
		{7A1216C1-12B0-484F-858D-314BFD3A068B}.Release|iPhone.Build.0 = Release|Any CPU
		{7A1216C1-12B0-484F-858D-314BFD3A068B}.Release|iPhoneSimulator.ActiveCfg = Release|Any CPU
		{7A1216C1-12B0-484F-858D-314BFD3A068B}.Release|iPhoneSimulator.Build.0 = Release|Any CPU
		{7A1216C1-12B0-484F-858D-314BFD3A068B}.Ad-Hoc|iPhone.ActiveCfg = Debug|Any CPU
		{7A1216C1-12B0-484F-858D-314BFD3A068B}.Ad-Hoc|iPhone.Build.0 = Debug|Any CPU
		{7A1216C1-12B0-484F-858D-314BFD3A068B}.AppStore|iPhone.ActiveCfg = Debug|Any CPU
		{7A1216C1-12B0-484F-858D-314BFD3A068B}.AppStore|iPhone.Build.0 = Debug|Any CPU
		{D89FA056-A3E5-4080-B527-12E330922962}.Debug|Any CPU.ActiveCfg = Debug|Any CPU
		{D89FA056-A3E5-4080-B527-12E330922962}.Debug|Any CPU.Build.0 = Debug|Any CPU
		{D89FA056-A3E5-4080-B527-12E330922962}.Debug|iPhone.ActiveCfg = Debug|Any CPU
		{D89FA056-A3E5-4080-B527-12E330922962}.Debug|iPhone.Build.0 = Debug|Any CPU
		{D89FA056-A3E5-4080-B527-12E330922962}.Debug|iPhoneSimulator.ActiveCfg = Debug|Any CPU
		{D89FA056-A3E5-4080-B527-12E330922962}.Debug|iPhoneSimulator.Build.0 = Debug|Any CPU
		{D89FA056-A3E5-4080-B527-12E330922962}.Release|Any CPU.ActiveCfg = Release|Any CPU
		{D89FA056-A3E5-4080-B527-12E330922962}.Release|Any CPU.Build.0 = Release|Any CPU
		{D89FA056-A3E5-4080-B527-12E330922962}.Release|iPhone.ActiveCfg = Release|Any CPU
		{D89FA056-A3E5-4080-B527-12E330922962}.Release|iPhone.Build.0 = Release|Any CPU
		{D89FA056-A3E5-4080-B527-12E330922962}.Release|iPhoneSimulator.ActiveCfg = Release|Any CPU
		{D89FA056-A3E5-4080-B527-12E330922962}.Release|iPhoneSimulator.Build.0 = Release|Any CPU
		{D89FA056-A3E5-4080-B527-12E330922962}.Ad-Hoc|iPhone.ActiveCfg = Debug|Any CPU
		{D89FA056-A3E5-4080-B527-12E330922962}.Ad-Hoc|iPhone.Build.0 = Debug|Any CPU
		{D89FA056-A3E5-4080-B527-12E330922962}.AppStore|iPhone.ActiveCfg = Debug|Any CPU
		{D89FA056-A3E5-4080-B527-12E330922962}.AppStore|iPhone.Build.0 = Debug|Any CPU
		{4D550BB9-516A-4ABE-8991-65797646B305}.Debug|Any CPU.ActiveCfg = Debug|Any CPU
		{4D550BB9-516A-4ABE-8991-65797646B305}.Debug|Any CPU.Build.0 = Debug|Any CPU
		{4D550BB9-516A-4ABE-8991-65797646B305}.Debug|iPhone.ActiveCfg = Debug|Any CPU
		{4D550BB9-516A-4ABE-8991-65797646B305}.Debug|iPhone.Build.0 = Debug|Any CPU
		{4D550BB9-516A-4ABE-8991-65797646B305}.Debug|iPhoneSimulator.ActiveCfg = Debug|Any CPU
		{4D550BB9-516A-4ABE-8991-65797646B305}.Debug|iPhoneSimulator.Build.0 = Debug|Any CPU
		{4D550BB9-516A-4ABE-8991-65797646B305}.Release|Any CPU.ActiveCfg = Release|Any CPU
		{4D550BB9-516A-4ABE-8991-65797646B305}.Release|Any CPU.Build.0 = Release|Any CPU
		{4D550BB9-516A-4ABE-8991-65797646B305}.Release|iPhone.ActiveCfg = Release|Any CPU
		{4D550BB9-516A-4ABE-8991-65797646B305}.Release|iPhone.Build.0 = Release|Any CPU
		{4D550BB9-516A-4ABE-8991-65797646B305}.Release|iPhoneSimulator.ActiveCfg = Release|Any CPU
		{4D550BB9-516A-4ABE-8991-65797646B305}.Release|iPhoneSimulator.Build.0 = Release|Any CPU
		{4D550BB9-516A-4ABE-8991-65797646B305}.Ad-Hoc|iPhone.ActiveCfg = Debug|Any CPU
		{4D550BB9-516A-4ABE-8991-65797646B305}.Ad-Hoc|iPhone.Build.0 = Debug|Any CPU
		{4D550BB9-516A-4ABE-8991-65797646B305}.AppStore|iPhone.ActiveCfg = Debug|Any CPU
		{4D550BB9-516A-4ABE-8991-65797646B305}.AppStore|iPhone.Build.0 = Debug|Any CPU
		{3E30D5EF-2B9D-4089-AA54-9560791913F0}.Debug|Any CPU.ActiveCfg = Debug|iPhoneSimulator
		{3E30D5EF-2B9D-4089-AA54-9560791913F0}.Debug|Any CPU.Build.0 = Debug|iPhoneSimulator
		{3E30D5EF-2B9D-4089-AA54-9560791913F0}.Debug|iPhone.ActiveCfg = Debug|iPhone
		{3E30D5EF-2B9D-4089-AA54-9560791913F0}.Debug|iPhone.Build.0 = Debug|iPhone
		{3E30D5EF-2B9D-4089-AA54-9560791913F0}.Debug|iPhoneSimulator.ActiveCfg = Debug|iPhoneSimulator
		{3E30D5EF-2B9D-4089-AA54-9560791913F0}.Debug|iPhoneSimulator.Build.0 = Debug|iPhoneSimulator
		{3E30D5EF-2B9D-4089-AA54-9560791913F0}.Release|Any CPU.ActiveCfg = Release|iPhoneSimulator
		{3E30D5EF-2B9D-4089-AA54-9560791913F0}.Release|Any CPU.Build.0 = Release|iPhoneSimulator
		{3E30D5EF-2B9D-4089-AA54-9560791913F0}.Release|iPhone.ActiveCfg = Release|iPhone
		{3E30D5EF-2B9D-4089-AA54-9560791913F0}.Release|iPhone.Build.0 = Release|iPhone
		{3E30D5EF-2B9D-4089-AA54-9560791913F0}.Release|iPhoneSimulator.ActiveCfg = Release|iPhoneSimulator
		{3E30D5EF-2B9D-4089-AA54-9560791913F0}.Release|iPhoneSimulator.Build.0 = Release|iPhoneSimulator
		{3E30D5EF-2B9D-4089-AA54-9560791913F0}.Ad-Hoc|iPhone.ActiveCfg = Debug|iPhone
		{3E30D5EF-2B9D-4089-AA54-9560791913F0}.Ad-Hoc|iPhone.Build.0 = Debug|iPhone
		{3E30D5EF-2B9D-4089-AA54-9560791913F0}.AppStore|iPhone.ActiveCfg = Debug|iPhone
		{3E30D5EF-2B9D-4089-AA54-9560791913F0}.AppStore|iPhone.Build.0 = Debug|iPhone
		{7E0ED782-3257-4201-AA14-BAA26ABD1C5D}.Debug|Any CPU.ActiveCfg = Debug|Any CPU
		{7E0ED782-3257-4201-AA14-BAA26ABD1C5D}.Debug|Any CPU.Build.0 = Debug|Any CPU
		{7E0ED782-3257-4201-AA14-BAA26ABD1C5D}.Debug|iPhone.ActiveCfg = Debug|Any CPU
		{7E0ED782-3257-4201-AA14-BAA26ABD1C5D}.Debug|iPhone.Build.0 = Debug|Any CPU
		{7E0ED782-3257-4201-AA14-BAA26ABD1C5D}.Debug|iPhoneSimulator.ActiveCfg = Debug|Any CPU
		{7E0ED782-3257-4201-AA14-BAA26ABD1C5D}.Debug|iPhoneSimulator.Build.0 = Debug|Any CPU
		{7E0ED782-3257-4201-AA14-BAA26ABD1C5D}.Release|Any CPU.ActiveCfg = Release|Any CPU
		{7E0ED782-3257-4201-AA14-BAA26ABD1C5D}.Release|Any CPU.Build.0 = Release|Any CPU
		{7E0ED782-3257-4201-AA14-BAA26ABD1C5D}.Release|iPhone.ActiveCfg = Release|Any CPU
		{7E0ED782-3257-4201-AA14-BAA26ABD1C5D}.Release|iPhone.Build.0 = Release|Any CPU
		{7E0ED782-3257-4201-AA14-BAA26ABD1C5D}.Release|iPhoneSimulator.ActiveCfg = Release|Any CPU
		{7E0ED782-3257-4201-AA14-BAA26ABD1C5D}.Release|iPhoneSimulator.Build.0 = Release|Any CPU
		{7E0ED782-3257-4201-AA14-BAA26ABD1C5D}.Ad-Hoc|iPhone.ActiveCfg = Debug|Any CPU
		{7E0ED782-3257-4201-AA14-BAA26ABD1C5D}.Ad-Hoc|iPhone.Build.0 = Debug|Any CPU
		{7E0ED782-3257-4201-AA14-BAA26ABD1C5D}.AppStore|iPhone.ActiveCfg = Debug|Any CPU
		{7E0ED782-3257-4201-AA14-BAA26ABD1C5D}.AppStore|iPhone.Build.0 = Debug|Any CPU
	EndGlobalSection
	GlobalSection(SolutionProperties) = preSolution
		HideSolutionNode = FALSE
	EndGlobalSection
	GlobalSection(NestedProjects) = preSolution
		{206F4A27-6B2E-467D-A15F-141841BFA23A} = {A67BF368-70F6-4C94-8422-B8C82F03310C}
		{54DAB8D8-6F14-44FF-9399-AD4A908821FA} = {9E6374E6-0872-4659-A1F0-7CB05EDC6ED9}
		{C73A46AA-B3B3-42DA-B702-700BF65661FC} = {9E6374E6-0872-4659-A1F0-7CB05EDC6ED9}
		{09C72C2C-F466-4CC6-BDFE-7977197B10FB} = {4E916AA7-AD86-4FF4-8475-FB27F34914BC}
		{B8AB2E7A-0653-4028-8A24-54B4321CF771} = {4E916AA7-AD86-4FF4-8475-FB27F34914BC}
		{7A1216C1-12B0-484F-858D-314BFD3A068B} = {4E916AA7-AD86-4FF4-8475-FB27F34914BC}
		{4E916AA7-AD86-4FF4-8475-FB27F34914BC} = {D72DD502-6804-44C6-A493-1CBAF7D6BD02}
		{61AC8DB3-B2A4-4B0C-9252-308680E801AC} = {D72DD502-6804-44C6-A493-1CBAF7D6BD02}
		{4D550BB9-516A-4ABE-8991-65797646B305} = {61AC8DB3-B2A4-4B0C-9252-308680E801AC}
		{3E30D5EF-2B9D-4089-AA54-9560791913F0} = {61AC8DB3-B2A4-4B0C-9252-308680E801AC}
		{7E0ED782-3257-4201-AA14-BAA26ABD1C5D} = {61AC8DB3-B2A4-4B0C-9252-308680E801AC}
	EndGlobalSection
	GlobalSection(ExtensibilityGlobals) = postSolution
		SolutionGuid = {9D08AB9A-3444-4238-BBD7-B6F3B5F098CA}
	EndGlobalSection
EndGlobal
